
Microsoft Visual Studio Solution File, Format Version 12.00
# Visual Studio Version 17
VisualStudioVersion = 17.4.33213.308
MinimumVisualStudioVersion = 10.0.40219.1
Project("{FAE04EC0-301F-11D3-BF4B-00C04F79EFBC}") = "DependencyPropertyBindingTest", "DependencyPropertyBindingTest\DependencyPropertyBindingTest.csproj", "{87F07C25-20E3-43BE-9AD1-EE0F12A97166}"
EndProject
Global
	GlobalSection(SolutionConfigurationPlatforms) = preSolution
		Debug|Any CPU = Debug|Any CPU
		Release|Any CPU = Release|Any CPU
	EndGlobalSection
	GlobalSection(ProjectConfigurationPlatforms) = postSolution
		{87F07C25-20E3-43BE-9AD1-EE0F12A97166}.Debug|Any CPU.ActiveCfg = Debug|Any CPU
		{87F07C25-20E3-43BE-9AD1-EE0F12A97166}.Debug|Any CPU.Build.0 = Debug|Any CPU
		{87F07C25-20E3-43BE-9AD1-EE0F12A97166}.Release|Any CPU.ActiveCfg = Release|Any CPU
		{87F07C25-20E3-43BE-9AD1-EE0F12A97166}.Release|Any CPU.Build.0 = Release|Any CPU
	EndGlobalSection
	GlobalSection(SolutionProperties) = preSolution
		HideSolutionNode = FALSE
	EndGlobalSection
	GlobalSection(ExtensibilityGlobals) = postSolution
		SolutionGuid = {E9416B1E-5A50-4B31-9B8E-0A2F1C5C7947}
	EndGlobalSection
EndGlobal
